// !$*UTF8*$!
{
	archiveVersion = 1;
	classes = {
	};
	objectVersion = 51;
	objects = {

/* Begin PBXBuildFile section */
		08404068D2E810404991EFE8 /* Pods_UIViewElevation.framework in Frameworks */ = {isa = PBXBuildFile; fileRef = FD840AE148D51A04739EC3EA /* Pods_UIViewElevation.framework */; };
		76A384B823AF384E002AA72D /* AppDelegate.swift in Sources */ = {isa = PBXBuildFile; fileRef = 76A384B723AF384E002AA72D /* AppDelegate.swift */; };
		76A384BA23AF384E002AA72D /* SceneDelegate.swift in Sources */ = {isa = PBXBuildFile; fileRef = 76A384B923AF384E002AA72D /* SceneDelegate.swift */; };
		76A384BC23AF384E002AA72D /* ViewController.swift in Sources */ = {isa = PBXBuildFile; fileRef = 76A384BB23AF384E002AA72D /* ViewController.swift */; };
		76A384BF23AF384E002AA72D /* Main.storyboard in Resources */ = {isa = PBXBuildFile; fileRef = 76A384BD23AF384E002AA72D /* Main.storyboard */; };
		76A384C123AF3851002AA72D /* Assets.xcassets in Resources */ = {isa = PBXBuildFile; fileRef = 76A384C023AF3851002AA72D /* Assets.xcassets */; };
		76A384C423AF3851002AA72D /* LaunchScreen.storyboard in Resources */ = {isa = PBXBuildFile; fileRef = 76A384C223AF3851002AA72D /* LaunchScreen.storyboard */; };
/* End PBXBuildFile section */

/* Begin PBXFileReference section */
		76A384B423AF384E002AA72D /* UIViewElevation.app */ = {isa = PBXFileReference; explicitFileType = wrapper.application; includeInIndex = 0; path = UIViewElevation.app; sourceTree = BUILT_PRODUCTS_DIR; };
		76A384B723AF384E002AA72D /* AppDelegate.swift */ = {isa = PBXFileReference; lastKnownFileType = sourcecode.swift; path = AppDelegate.swift; sourceTree = "<group>"; };
		76A384B923AF384E002AA72D /* SceneDelegate.swift */ = {isa = PBXFileReference; lastKnownFileType = sourcecode.swift; path = SceneDelegate.swift; sourceTree = "<group>"; };
		76A384BB23AF384E002AA72D /* ViewController.swift */ = {isa = PBXFileReference; lastKnownFileType = sourcecode.swift; path = ViewController.swift; sourceTree = "<group>"; };
		76A384BE23AF384E002AA72D /* Base */ = {isa = PBXFileReference; lastKnownFileType = file.storyboard; name = Base; path = Base.lproj/Main.storyboard; sourceTree = "<group>"; };
		76A384C023AF3851002AA72D /* Assets.xcassets */ = {isa = PBXFileReference; lastKnownFileType = folder.assetcatalog; path = Assets.xcassets; sourceTree = "<group>"; };
		76A384C323AF3851002AA72D /* Base */ = {isa = PBXFileReference; lastKnownFileType = file.storyboard; name = Base; path = Base.lproj/LaunchScreen.storyboard; sourceTree = "<group>"; };
		76A384C523AF3851002AA72D /* Info.plist */ = {isa = PBXFileReference; lastKnownFileType = text.plist.xml; path = Info.plist; sourceTree = "<group>"; };
		DA5F52CAD8BE6D71ECCBBB0D /* Pods-UIViewElevation.debug.xcconfig */ = {isa = PBXFileReference; includeInIndex = 1; lastKnownFileType = text.xcconfig; name = "Pods-UIViewElevation.debug.xcconfig"; path = "Target Support Files/Pods-UIViewElevation/Pods-UIViewElevation.debug.xcconfig"; sourceTree = "<group>"; };
		E594407F02DF40E9B963BB41 /* Pods-UIViewElevation.release.xcconfig */ = {isa = PBXFileReference; includeInIndex = 1; lastKnownFileType = text.xcconfig; name = "Pods-UIViewElevation.release.xcconfig"; path = "Target Support Files/Pods-UIViewElevation/Pods-UIViewElevation.release.xcconfig"; sourceTree = "<group>"; };
		FD840AE148D51A04739EC3EA /* Pods_UIViewElevation.framework */ = {isa = PBXFileReference; explicitFileType = wrapper.framework; includeInIndex = 0; path = Pods_UIViewElevation.framework; sourceTree = BUILT_PRODUCTS_DIR; };
/* End PBXFileReference section */

/* Begin PBXFrameworksBuildPhase section */
		76A384B123AF384E002AA72D /* Frameworks */ = {
			isa = PBXFrameworksBuildPhase;
			buildActionMask = 2147483647;
			files = (
				08404068D2E810404991EFE8 /* Pods_UIViewElevation.framework in Frameworks */,
			);
			runOnlyForDeploymentPostprocessing = 0;
		};
/* End PBXFrameworksBuildPhase section */

/* Begin PBXGroup section */
		76A384AB23AF384E002AA72D = {
			isa = PBXGroup;
			children = (
				76A384B623AF384E002AA72D /* UIViewElevation */,
				76A384B523AF384E002AA72D /* Products */,
				BA8A2268B1BF30A47BA34515 /* Pods */,
				9705AD8647E5095127C9A838 /* Frameworks */,
			);
			sourceTree = "<group>";
		};
		76A384B523AF384E002AA72D /* Products */ = {
			isa = PBXGroup;
			children = (
				76A384B423AF384E002AA72D /* UIViewElevation.app */,
			);
			name = Products;
			sourceTree = "<group>";
		};
		76A384B623AF384E002AA72D /* UIViewElevation */ = {
			isa = PBXGroup;
			children = (
				76A384B723AF384E002AA72D /* AppDelegate.swift */,
				76A384B923AF384E002AA72D /* SceneDelegate.swift */,
				76A384BB23AF384E002AA72D /* ViewController.swift */,
				76A384BD23AF384E002AA72D /* Main.storyboard */,
				76A384C023AF3851002AA72D /* Assets.xcassets */,
				76A384C223AF3851002AA72D /* LaunchScreen.storyboard */,
				76A384C523AF3851002AA72D /* Info.plist */,
			);
			path = UIViewElevation;
			sourceTree = "<group>";
		};
		9705AD8647E5095127C9A838 /* Frameworks */ = {
			isa = PBXGroup;
			children = (
				FD840AE148D51A04739EC3EA /* Pods_UIViewElevation.framework */,
			);
			name = Frameworks;
			sourceTree = "<group>";
		};
		BA8A2268B1BF30A47BA34515 /* Pods */ = {
			isa = PBXGroup;
			children = (
				DA5F52CAD8BE6D71ECCBBB0D /* Pods-UIViewElevation.debug.xcconfig */,
				E594407F02DF40E9B963BB41 /* Pods-UIViewElevation.release.xcconfig */,
			);
			path = Pods;
			sourceTree = "<group>";
		};
/* End PBXGroup section */

/* Begin PBXNativeTarget section */
		76A384B323AF384E002AA72D /* UIViewElevation */ = {
			isa = PBXNativeTarget;
			buildConfigurationList = 76A384C823AF3851002AA72D /* Build configuration list for PBXNativeTarget "UIViewElevation" */;
			buildPhases = (
				B7BF7E93984D5DBB78CD23AD /* [CP] Check Pods Manifest.lock */,
				76A384B023AF384E002AA72D /* Sources */,
				76A384B123AF384E002AA72D /* Frameworks */,
				76A384B223AF384E002AA72D /* Resources */,
				561C8FB080F1969104BA0924 /* [CP] Embed Pods Frameworks */,
			);
			buildRules = (
			);
			dependencies = (
			);
			name = UIViewElevation;
			productName = UIViewElevation;
			productReference = 76A384B423AF384E002AA72D /* UIViewElevation.app */;
			productType = "com.apple.product-type.application";
		};
/* End PBXNativeTarget section */

/* Begin PBXProject section */
		76A384AC23AF384E002AA72D /* Project object */ = {
			isa = PBXProject;
			attributes = {
				LastSwiftUpdateCheck = 1100;
				LastUpgradeCheck = 1100;
				ORGANIZATIONNAME = KakeraGames;
				TargetAttributes = {
					76A384B323AF384E002AA72D = {
						CreatedOnToolsVersion = 11.0;
					};
				};
			};
			buildConfigurationList = 76A384AF23AF384E002AA72D /* Build configuration list for PBXProject "UIViewElevation" */;
			compatibilityVersion = "Xcode 9.3";
			developmentRegion = en;
			hasScannedForEncodings = 0;
			knownRegions = (
				en,
				Base,
			);
			mainGroup = 76A384AB23AF384E002AA72D;
			productRefGroup = 76A384B523AF384E002AA72D /* Products */;
			projectDirPath = "";
			projectRoot = "";
			targets = (
				76A384B323AF384E002AA72D /* UIViewElevation */,
			);
		};
/* End PBXProject section */

/* Begin PBXResourcesBuildPhase section */
		76A384B223AF384E002AA72D /* Resources */ = {
			isa = PBXResourcesBuildPhase;
			buildActionMask = 2147483647;
			files = (
				76A384C423AF3851002AA72D /* LaunchScreen.storyboard in Resources */,
				76A384C123AF3851002AA72D /* Assets.xcassets in Resources */,
				76A384BF23AF384E002AA72D /* Main.storyboard in Resources */,
			);
			runOnlyForDeploymentPostprocessing = 0;
		};
/* End PBXResourcesBuildPhase section */

/* Begin PBXShellScriptBuildPhase section */
		561C8FB080F1969104BA0924 /* [CP] Embed Pods Frameworks */ = {
			isa = PBXShellScriptBuildPhase;
			buildActionMask = 2147483647;
			files = (
			);
			inputFileListPaths = (
				"${PODS_ROOT}/Target Support Files/Pods-UIViewElevation/Pods-UIViewElevation-frameworks-${CONFIGURATION}-input-files.xcfilelist",
			);
			name = "[CP] Embed Pods Frameworks";
			outputFileListPaths = (
				"${PODS_ROOT}/Target Support Files/Pods-UIViewElevation/Pods-UIViewElevation-frameworks-${CONFIGURATION}-output-files.xcfilelist",
			);
			runOnlyForDeploymentPostprocessing = 0;
			shellPath = /bin/sh;
			shellScript = "\"${PODS_ROOT}/Target Support Files/Pods-UIViewElevation/Pods-UIViewElevation-frameworks.sh\"\n";
			showEnvVarsInLog = 0;
		};
		B7BF7E93984D5DBB78CD23AD /* [CP] Check Pods Manifest.lock */ = {
			isa = PBXShellScriptBuildPhase;
			buildActionMask = 2147483647;
			files = (
			);
			inputFileListPaths = (
			);
			inputPaths = (
				"${PODS_PODFILE_DIR_PATH}/Podfile.lock",
				"${PODS_ROOT}/Manifest.lock",
			);
			name = "[CP] Check Pods Manifest.lock";
			outputFileListPaths = (
			);
			outputPaths = (
				"$(DERIVED_FILE_DIR)/Pods-UIViewElevation-checkManifestLockResult.txt",
			);
			runOnlyForDeploymentPostprocessing = 0;
			shellPath = /bin/sh;
			shellScript = "diff \"${PODS_PODFILE_DIR_PATH}/Podfile.lock\" \"${PODS_ROOT}/Manifest.lock\" > /dev/null\nif [ $? != 0 ] ; then\n    # print error to STDERR\n    echo \"error: The sandbox is not in sync with the Podfile.lock. Run 'pod install' or update your CocoaPods installation.\" >&2\n    exit 1\nfi\n# This output is used by Xcode 'outputs' to avoid re-running this script phase.\necho \"SUCCESS\" > \"${SCRIPT_OUTPUT_FILE_0}\"\n";
			showEnvVarsInLog = 0;
		};
/* End PBXShellScriptBuildPhase section */

/* Begin PBXSourcesBuildPhase section */
		76A384B023AF384E002AA72D /* Sources */ = {
			isa = PBXSourcesBuildPhase;
			buildActionMask = 2147483647;
			files = (
				76A384BC23AF384E002AA72D /* ViewController.swift in Sources */,
				76A384B823AF384E002AA72D /* AppDelegate.swift in Sources */,
				76A384BA23AF384E002AA72D /* SceneDelegate.swift in Sources */,
			);
			runOnlyForDeploymentPostprocessing = 0;
		};
/* End PBXSourcesBuildPhase section */

/* Begin PBXVariantGroup section */
		76A384BD23AF384E002AA72D /* Main.storyboard */ = {
			isa = PBXVariantGroup;
			children = (
				76A384BE23AF384E002AA72D /* Base */,
			);
			name = Main.storyboard;
			sourceTree = "<group>";
		};
		76A384C223AF3851002AA72D /* LaunchScreen.storyboard */ = {
			isa = PBXVariantGroup;
			children = (
				76A384C323AF3851002AA72D /* Base */,
			);
			name = LaunchScreen.storyboard;
			sourceTree = "<group>";
		};
/* End PBXVariantGroup section */

/* Begin XCBuildConfiguration section */
		76A384C623AF3851002AA72D /* Debug */ = {
			isa = XCBuildConfiguration;
			buildSettings = {
				ALWAYS_SEARCH_USER_PATHS = NO;
				CLANG_ANALYZER_NONNULL = YES;
				CLANG_ANALYZER_NUMBER_OBJECT_CONVERSION = YES_AGGRESSIVE;
				CLANG_CXX_LANGUAGE_STANDARD = "gnu++14";
				CLANG_CXX_LIBRARY = "libc++";
				CLANG_ENABLE_MODULES = YES;
				CLANG_ENABLE_OBJC_ARC = YES;
				CLANG_ENABLE_OBJC_WEAK = YES;
				CLANG_WARN_BLOCK_CAPTURE_AUTORELEASING = YES;
				CLANG_WARN_BOOL_CONVERSION = YES;
				CLANG_WARN_COMMA = YES;
				CLANG_WARN_CONSTANT_CONVERSION = YES;
				CLANG_WARN_DEPRECATED_OBJC_IMPLEMENTATIONS = YES;
				CLANG_WARN_DIRECT_OBJC_ISA_USAGE = YES_ERROR;
				CLANG_WARN_DOCUMENTATION_COMMENTS = YES;
				CLANG_WARN_EMPTY_BODY = YES;
				CLANG_WARN_ENUM_CONVERSION = YES;
				CLANG_WARN_INFINITE_RECURSION = YES;
				CLANG_WARN_INT_CONVERSION = YES;
				CLANG_WARN_NON_LITERAL_NULL_CONVERSION = YES;
				CLANG_WARN_OBJC_IMPLICIT_RETAIN_SELF = YES;
				CLANG_WARN_OBJC_LITERAL_CONVERSION = YES;
				CLANG_WARN_OBJC_ROOT_CLASS = YES_ERROR;
				CLANG_WARN_RANGE_LOOP_ANALYSIS = YES;
				CLANG_WARN_STRICT_PROTOTYPES = YES;
				CLANG_WARN_SUSPICIOUS_MOVE = YES;
				CLANG_WARN_UNGUARDED_AVAILABILITY = YES_AGGRESSIVE;
				CLANG_WARN_UNREACHABLE_CODE = YES;
				CLANG_WARN__DUPLICATE_METHOD_MATCH = YES;
				COPY_PHASE_STRIP = NO;
				DEBUG_INFORMATION_FORMAT = dwarf;
				ENABLE_STRICT_OBJC_MSGSEND = YES;
				ENABLE_TESTABILITY = YES;
				GCC_C_LANGUAGE_STANDARD = gnu11;
				GCC_DYNAMIC_NO_PIC = NO;
				GCC_NO_COMMON_BLOCKS = YES;
				GCC_OPTIMIZATION_LEVEL = 0;
				GCC_PREPROCESSOR_DEFINITIONS = (
					"DEBUG=1",
					"$(inherited)",
				);
				GCC_WARN_64_TO_32_BIT_CONVERSION = YES;
				GCC_WARN_ABOUT_RETURN_TYPE = YES_ERROR;
				GCC_WARN_UNDECLARED_SELECTOR = YES;
				GCC_WARN_UNINITIALIZED_AUTOS = YES_AGGRESSIVE;
				GCC_WARN_UNUSED_FUNCTION = YES;
				GCC_WARN_UNUSED_VARIABLE = YES;
				IPHONEOS_DEPLOYMENT_TARGET = 13.0;
				MTL_ENABLE_DEBUG_INFO = INCLUDE_SOURCE;
				MTL_FAST_MATH = YES;
				ONLY_ACTIVE_ARCH = YES;
				SDKROOT = iphoneos;
				SWIFT_ACTIVE_COMPILATION_CONDITIONS = DEBUG;
				SWIFT_OPTIMIZATION_LEVEL = "-Onone";
			};
			name = Debug;
		};
		76A384C723AF3851002AA72D /* Release */ = {
			isa = XCBuildConfiguration;
			buildSettings = {
				ALWAYS_SEARCH_USER_PATHS = NO;
				CLANG_ANALYZER_NONNULL = YES;
				CLANG_ANALYZER_NUMBER_OBJECT_CONVERSION = YES_AGGRESSIVE;
				CLANG_CXX_LANGUAGE_STANDARD = "gnu++14";
				CLANG_CXX_LIBRARY = "libc++";
				CLANG_ENABLE_MODULES = YES;
				CLANG_ENABLE_OBJC_ARC = YES;
				CLANG_ENABLE_OBJC_WEAK = YES;
				CLANG_WARN_BLOCK_CAPTURE_AUTORELEASING = YES;
				CLANG_WARN_BOOL_CONVERSION = YES;
				CLANG_WARN_COMMA = YES;
				CLANG_WARN_CONSTANT_CONVERSION = YES;
				CLANG_WARN_DEPRECATED_OBJC_IMPLEMENTATIONS = YES;
				CLANG_WARN_DIRECT_OBJC_ISA_USAGE = YES_ERROR;
				CLANG_WARN_DOCUMENTATION_COMMENTS = YES;
				CLANG_WARN_EMPTY_BODY = YES;
				CLANG_WARN_ENUM_CONVERSION = YES;
				CLANG_WARN_INFINITE_RECURSION = YES;
				CLANG_WARN_INT_CONVERSION = YES;
				CLANG_WARN_NON_LITERAL_NULL_CONVERSION = YES;
				CLANG_WARN_OBJC_IMPLICIT_RETAIN_SELF = YES;
				CLANG_WARN_OBJC_LITERAL_CONVERSION = YES;
				CLANG_WARN_OBJC_ROOT_CLASS = YES_ERROR;
				CLANG_WARN_RANGE_LOOP_ANALYSIS = YES;
				CLANG_WARN_STRICT_PROTOTYPES = YES;
				CLANG_WARN_SUSPICIOUS_MOVE = YES;
				CLANG_WARN_UNGUARDED_AVAILABILITY = YES_AGGRESSIVE;
				CLANG_WARN_UNREACHABLE_CODE = YES;
				CLANG_WARN__DUPLICATE_METHOD_MATCH = YES;
				COPY_PHASE_STRIP = NO;
				DEBUG_INFORMATION_FORMAT = "dwarf-with-dsym";
				ENABLE_NS_ASSERTIONS = NO;
				ENABLE_STRICT_OBJC_MSGSEND = YES;
				GCC_C_LANGUAGE_STANDARD = gnu11;
				GCC_NO_COMMON_BLOCKS = YES;
				GCC_WARN_64_TO_32_BIT_CONVERSION = YES;
				GCC_WARN_ABOUT_RETURN_TYPE = YES_ERROR;
				GCC_WARN_UNDECLARED_SELECTOR = YES;
				GCC_WARN_UNINITIALIZED_AUTOS = YES_AGGRESSIVE;
				GCC_WARN_UNUSED_FUNCTION = YES;
				GCC_WARN_UNUSED_VARIABLE = YES;
				IPHONEOS_DEPLOYMENT_TARGET = 13.0;
				MTL_ENABLE_DEBUG_INFO = NO;
				MTL_FAST_MATH = YES;
				SDKROOT = iphoneos;
				SWIFT_COMPILATION_MODE = wholemodule;
				SWIFT_OPTIMIZATION_LEVEL = "-O";
				VALIDATE_PRODUCT = YES;
			};
			name = Release;
		};
		76A384C923AF3851002AA72D /* Debug */ = {
			isa = XCBuildConfiguration;
			baseConfigurationReference = DA5F52CAD8BE6D71ECCBBB0D /* Pods-UIViewElevation.debug.xcconfig */;
			buildSettings = {
				ASSETCATALOG_COMPILER_APPICON_NAME = AppIcon;
				CODE_SIGN_STYLE = Automatic;
				INFOPLIST_FILE = UIViewElevation/Info.plist;
				LD_RUNPATH_SEARCH_PATHS = (
					"$(inherited)",
					"@executable_path/Frameworks",
				);
				PRODUCT_BUNDLE_IDENTIFIER = com.kakeragames.sample.UIViewElevation;
				PRODUCT_NAME = "$(TARGET_NAME)";
				SWIFT_VERSION = 5.0;
				TARGETED_DEVICE_FAMILY = 1;
			};
			name = Debug;
		};
		76A384CA23AF3851002AA72D /* Release */ = {
			isa = XCBuildConfiguration;
			baseConfigurationReference = E594407F02DF40E9B963BB41 /* Pods-UIViewElevation.release.xcconfig */;
			buildSettings = {
				ASSETCATALOG_COMPILER_APPICON_NAME = AppIcon;
				CODE_SIGN_STYLE = Automatic;
				INFOPLIST_FILE = UIViewElevation/Info.plist;
				LD_RUNPATH_SEARCH_PATHS = (
					"$(inherited)",
					"@executable_path/Frameworks",
				);
				PRODUCT_BUNDLE_IDENTIFIER = com.kakeragames.sample.UIViewElevation;
				PRODUCT_NAME = "$(TARGET_NAME)";
				SWIFT_VERSION = 5.0;
				TARGETED_DEVICE_FAMILY = 1;
			};
			name = Release;
		};
/* End XCBuildConfiguration section */

/* Begin XCConfigurationList section */
		76A384AF23AF384E002AA72D /* Build configuration list for PBXProject "UIViewElevation" */ = {
			isa = XCConfigurationList;
			buildConfigurations = (
				76A384C623AF3851002AA72D /* Debug */,
				76A384C723AF3851002AA72D /* Release */,
			);
			defaultConfigurationIsVisible = 0;
			defaultConfigurationName = Release;
		};
		76A384C823AF3851002AA72D /* Build configuration list for PBXNativeTarget "UIViewElevation" */ = {
			isa = XCConfigurationList;
			buildConfigurations = (
				76A384C923AF3851002AA72D /* Debug */,
				76A384CA23AF3851002AA72D /* Release */,
			);
			defaultConfigurationIsVisible = 0;
			defaultConfigurationName = Release;
		};
/* End XCConfigurationList section */
	};
	rootObject = 76A384AC23AF384E002AA72D /* Project object */;
}
